
Microsoft Visual Studio Solution File, Format Version 12.00
# Visual Studio Version 17
VisualStudioVersion = 17.5.33516.290
MinimumVisualStudioVersion = 10.0.40219.1
Project("{FAE04EC0-301F-11D3-BF4B-00C04F79EFBC}") = "LeaveManagement.web", "LeaveManagement.web\LeaveManagement.web.csproj", "{22E9CCEE-3DCF-478B-916D-42968D2F3DB5}"
EndProject
Global
	GlobalSection(SolutionConfigurationPlatforms) = preSolution
		Debug|Any CPU = Debug|Any CPU
		Release|Any CPU = Release|Any CPU
	EndGlobalSection
	GlobalSection(ProjectConfigurationPlatforms) = postSolution
		{22E9CCEE-3DCF-478B-916D-42968D2F3DB5}.Debug|Any CPU.ActiveCfg = Debug|Any CPU
		{22E9CCEE-3DCF-478B-916D-42968D2F3DB5}.Debug|Any CPU.Build.0 = Debug|Any CPU
		{22E9CCEE-3DCF-478B-916D-42968D2F3DB5}.Release|Any CPU.ActiveCfg = Release|Any CPU
		{22E9CCEE-3DCF-478B-916D-42968D2F3DB5}.Release|Any CPU.Build.0 = Release|Any CPU
	EndGlobalSection
	GlobalSection(SolutionProperties) = preSolution
		HideSolutionNode = FALSE
	EndGlobalSection
	GlobalSection(ExtensibilityGlobals) = postSolution
		SolutionGuid = {AEA6A45E-37C4-4D8F-A8CE-10A5A4F2BA84}
	EndGlobalSection
EndGlobal
